# THIS IS AN AUTOGENERATED FILE. DO NOT EDIT THIS FILE DIRECTLY.
# yarn lockfile v1



"@antfu/utils@^0.5.1":
  "integrity" "sha512-CQkeV+oJxUazwjlHD0/3ZD08QWKuGQkhnrKo3e6ly5pd48VUpXbb77q0xMU4+vc2CkJnDS02Eq/M9ugyX20XZA=="
  "resolved" "https://registry.npmjs.org/@antfu/utils/-/utils-0.5.2.tgz"
  "version" "0.5.2"

"@babel/parser@^7.15.8", "@babel/parser@^7.16.4":
  "integrity" "sha512-AqDccGC+m5O/iUStSJy3DGRIUFu7WbY/CppZYwrEUB4N0tZlnI8CSTsgL7v5fHVFmUbRv2sd+yy27o8Ydt4MGg=="
  "resolved" "https://registry.npmmirror.com/@babel/parser/-/parser-7.18.0.tgz"
  "version" "7.18.0"


"@ctrl/tinycolor@^3.4.1":
  "integrity" "sha512-ej5oVy6lykXsvieQtqZxCOaLT+xD4+QNarq78cIYISHmZXshCvROLudpQN3lfL8G0NL7plMSSK+zlyvCaIJ4Iw=="
  "resolved" "https://registry.npmjs.org/@ctrl/tinycolor/-/tinycolor-3.4.1.tgz"
  "version" "3.4.1"

"@element-plus/icons-vue@^1.1.4":
  "integrity" "sha512-Iz/nHqdp1sFPmdzRwHkEQQA3lKvoObk8azgABZ81QUOpW9s/lUyQVUSh0tNtEPZXQlKwlSh7SPgoVxzrE0uuVQ=="
  "resolved" "https://registry.npmjs.org/@element-plus/icons-vue/-/icons-vue-1.1.4.tgz"
  "version" "1.1.4"

"@floating-ui/core@^0.7.1":
  "integrity" "sha512-grcqEmI8DTIolufpxhJagVeJmvloxBXE6xxSrVnSXz/Wz1uUIsC85ad+UNBqAoBOvzLxE42wvDj3YkmSGqWRxA=="
  "resolved" "https://registry.npmjs.org/@floating-ui/core/-/core-0.7.1.tgz"
  "version" "0.7.1"

"@floating-ui/dom@^0.5.0":
  "integrity" "sha512-dkPSy5JPiQEtljc3VpG9lauYctxfLlqj/8N9f+lmsR92gQaSVMAWuBbFBH2keY5DmdQn3p4Dv1dQd+e8osH+/g=="
  "resolved" "https://registry.npmjs.org/@floating-ui/dom/-/dom-0.5.1.tgz"
  "version" "0.5.1"
  dependencies:
    "@floating-ui/core" "^0.7.1"

"@nodelib/fs.scandir@2.1.5":
  "integrity" "sha512-vq24Bq3ym5HEQm2NKCr3yXDwjc7vTsEThRDnkp2DK9p1uqLR+DHurm/NOTo0KG7HYHU7eppKZj3MyqYuMBf62g=="
  "resolved" "https://registry.npmjs.org/@nodelib/fs.scandir/-/fs.scandir-2.1.5.tgz"
  "version" "2.1.5"
  dependencies:
    "@nodelib/fs.stat" "2.0.5"
    "run-parallel" "^1.1.9"

"@nodelib/fs.stat@^2.0.2", "@nodelib/fs.stat@2.0.5":
  "integrity" "sha512-RkhPPp2zrqDAQA/2jNhnztcPAlv64XdhIp7a7454A5ovI7Bukxgt7MX7udwAu3zg1DcpPU0rz3VV1SeaqvY4+A=="
  "resolved" "https://registry.npmjs.org/@nodelib/fs.stat/-/fs.stat-2.0.5.tgz"
  "version" "2.0.5"

"@nodelib/fs.walk@^1.2.3":
  "integrity" "sha512-oGB+UxlgWcgQkgwo8GcEGwemoTFt3FIO9ababBmaGwXIoBKZ+GTy0pP185beGg7Llih/NSHSV2XAs1lnznocSg=="
  "resolved" "https://registry.npmjs.org/@nodelib/fs.walk/-/fs.walk-1.2.8.tgz"
  "version" "1.2.8"
  dependencies:
    "@nodelib/fs.scandir" "2.1.5"
    "fastq" "^1.6.0"

"@popperjs/core@npm:@sxzz/popperjs-es@^2.11.7":
  "integrity" "sha512-Ccy0NlLkzr0Ex2FKvh2X+OyERHXJ88XJ1MXtsI9y9fGexlaXaVTPzBCRBwIxFkORuOb+uBqeu+RqnpgYTEZRUQ=="
  "resolved" "https://registry.npmjs.org/@sxzz/popperjs-es/-/popperjs-es-2.11.7.tgz"
  "version" "2.11.7"

"@rollup/pluginutils@^4.2.0", "@rollup/pluginutils@^4.2.1":
  "integrity" "sha512-iKnFXr7NkdZAIHiIWE+BX5ULi/ucVFYWD6TbAV+rZctiRTY2PL6tsIKhoIOaoskiWAkgu+VsbXgUVDNLHf+InQ=="
  "resolved" "https://registry.npmjs.org/@rollup/pluginutils/-/pluginutils-4.2.1.tgz"
  "version" "4.2.1"
  dependencies:
    "estree-walker" "^2.0.1"
    "picomatch" "^2.2.2"

"@tokenizer/token@^0.3.0":
  "integrity" "sha512-OvjF+z51L3ov0OyAU0duzsYuvO01PH7x4t6DJx+guahgTnBHkhJdG7soQeTSFLWN3efnHyibZ4Z8l2EuWwJN3A=="
  "resolved" "https://registry.npmjs.org/@tokenizer/token/-/token-0.3.0.tgz"
  "version" "0.3.0"

"@types/lodash-es@*", "@types/lodash-es@^4.17.6":
  "integrity" "sha512-R+zTeVUKDdfoRxpAryaQNRKk3105Rrgx2CFRClIgRGaqDTdjsm8h6IYA8ir584W3ePzkZfst5xIgDwYrlh9HLg=="
  "resolved" "https://registry.npmjs.org/@types/lodash-es/-/lodash-es-4.17.6.tgz"
  "version" "4.17.6"
  dependencies:
    "@types/lodash" "*"

"@types/lodash@*", "@types/lodash@^4.14.182":
  "integrity" "sha512-/THyiqyQAP9AfARo4pF+aCGcyiQ94tX/Is2I7HofNRqoYLgN1PBoOWu2/zTA5zMxzP5EFutMtWtGAFRKUe961Q=="
  "resolved" "https://registry.npmjs.org/@types/lodash/-/lodash-4.14.182.tgz"
  "version" "4.14.182"

"@types/node@*", "@types/node@^16.11.27":
  "integrity" "sha512-FR5QJe+TaoZ2GsMHkjuwoNabr+UrJNRr2HNOo+r/7vhcuntM6Ee/pRPOnRhhL2XE9OOvX9VLEq+BcXl3VjNoWA=="
  "resolved" "https://registry.npmmirror.com/@types/node/-/node-16.11.36.tgz"
  "version" "16.11.36"

"@vitejs/plugin-vue@^2.3.1":
  "integrity" "sha512-SmQLDyhz+6lGJhPELsBdzXGc+AcaT8stgkbiTFGpXPe8Tl1tJaBw1A6pxDqDuRsVkD8uscrkx3hA7QDOoKYtyw=="
  "resolved" "https://registry.npmmirror.com/@vitejs/plugin-vue/-/plugin-vue-2.3.3.tgz"
  "version" "2.3.3"

"@volar/code-gen@0.34.16":
  "integrity" "sha512-ep5us1iF66WlwzCFjTHMIdULIHzu6661228NknkSBGEAh878GPO+AgUqyQn9tY+al0KrsLuDRQVt6pwmeLoqwQ=="
  "resolved" "https://registry.npmmirror.com/@volar/code-gen/-/code-gen-0.34.16.tgz"
  "version" "0.34.16"
  dependencies:
    "@volar/source-map" "0.34.16"

"@volar/source-map@0.34.16":
  "integrity" "sha512-50F1XWcVRzKVXqwO7J39hZ4qd/htzHj62dsywz7FfhZZSOaQ43XT3uEy7cBAVgw7gs+qChFaUJAhM1iHb0FyOQ=="
  "resolved" "https://registry.npmmirror.com/@volar/source-map/-/source-map-0.34.16.tgz"
  "version" "0.34.16"

"@volar/vue-code-gen@0.34.16":
  "integrity" "sha512-R8OGn26pCQsctXLa6mZi3BIkyXemcrhibTRGrVh1z2TqWMtnCIT/NiAYXR7kAH4UzFEpglOJAIxrjwnodJ7x6w=="
  "resolved" "https://registry.npmmirror.com/@volar/vue-code-gen/-/vue-code-gen-0.34.16.tgz"
  "version" "0.34.16"
  dependencies:
    "@volar/code-gen" "0.34.16"
    "@volar/source-map" "0.34.16"
    "@vue/compiler-core" "^3.2.31"
    "@vue/compiler-dom" "^3.2.31"
    "@vue/shared" "^3.2.31"

"@volar/vue-typescript@0.34.16":
  "integrity" "sha512-Jmo19pKRJAIhbAmr/1974knqKws9FZlnYWuCDvvg9wimKHTFosjDhDysORIMVHZ97og/0idK70iIKbcsyDadvw=="
  "resolved" "https://registry.npmmirror.com/@volar/vue-typescript/-/vue-typescript-0.34.16.tgz"
  "version" "0.34.16"
  dependencies:
    "@volar/code-gen" "0.34.16"
    "@volar/source-map" "0.34.16"
    "@volar/vue-code-gen" "0.34.16"
    "@vue/compiler-sfc" "^3.2.31"
    "@vue/reactivity" "^3.2.31"

"@vue/compiler-core@^3.2.31", "@vue/compiler-core@3.2.36":
  "integrity" "sha512-bbyZM5hvBicv0PW3KUfVi+x3ylHnfKG7DOn5wM+f2OztTzTjLEyBb/5yrarIYpmnGitVGbjZqDbODyW4iK8hqw=="
  "resolved" "https://registry.npmmirror.com/@vue/compiler-core/-/compiler-core-3.2.36.tgz"
  "version" "3.2.36"
  dependencies:
    "@babel/parser" "^7.16.4"
    "@vue/shared" "3.2.36"
    "estree-walker" "^2.0.2"
    "source-map" "^0.6.1"

"@vue/compiler-dom@^3.2.31", "@vue/compiler-dom@3.2.36":
  "integrity" "sha512-tcOTAOiW4s24QLnq+ON6J+GRONXJ+A/mqKCORi0LSlIh8XQlNnlm24y8xIL8la+ZDgkdbjarQ9ZqYSvEja6gVA=="
  "resolved" "https://registry.npmmirror.com/@vue/compiler-dom/-/compiler-dom-3.2.36.tgz"
  "version" "3.2.36"
  dependencies:
    "@vue/compiler-core" "3.2.36"
    "@vue/shared" "3.2.36"

"@vue/compiler-sfc@^3.2.31", "@vue/compiler-sfc@3.2.36":
  "integrity" "sha512-AvGb4bTj4W8uQ4BqaSxo7UwTEqX5utdRSMyHy58OragWlt8nEACQ9mIeQh3K4di4/SX+41+pJrLIY01lHAOFOA=="
  "resolved" "https://registry.npmmirror.com/@vue/compiler-sfc/-/compiler-sfc-3.2.36.tgz"
  "version" "3.2.36"
  dependencies:
    "@babel/parser" "^7.16.4"
    "@vue/compiler-core" "3.2.36"
    "@vue/compiler-dom" "3.2.36"
    "@vue/compiler-ssr" "3.2.36"
    "@vue/reactivity-transform" "3.2.36"
    "@vue/shared" "3.2.36"
    "estree-walker" "^2.0.2"
    "magic-string" "^0.25.7"
    "postcss" "^8.1.10"
    "source-map" "^0.6.1"

"@vue/compiler-ssr@3.2.36":
  "integrity" "sha512-+KugInUFRvOxEdLkZwE+W43BqHyhBh0jpYXhmqw1xGq2dmE6J9eZ8UUSOKNhdHtQ/iNLWWeK/wPZkVLUf3YGaw=="
  "resolved" "https://registry.npmmirror.com/@vue/compiler-ssr/-/compiler-ssr-3.2.36.tgz"
  "version" "3.2.36"
  dependencies:
    "@vue/compiler-dom" "3.2.36"
    "@vue/shared" "3.2.36"

"@vue/devtools-api@^6.0.0", "@vue/devtools-api@^6.1.4":
  "integrity" "sha512-IiA0SvDrJEgXvVxjNkHPFfDx6SXw0b/TUkqMcDZWNg9fnCAHbTpoo59YfJ9QLFkwa3raau5vSlRVzMSLDnfdtQ=="
  "resolved" "https://registry.npmmirror.com/@vue/devtools-api/-/devtools-api-6.1.4.tgz"
  "version" "6.1.4"

"@vue/reactivity-transform@3.2.36":
  "integrity" "sha512-Jk5o2BhpODC9XTA7o4EL8hSJ4JyrFWErLtClG3NH8wDS7ri9jBDWxI7/549T7JY9uilKsaNM+4pJASLj5dtRwA=="
  "resolved" "https://registry.npmmirror.com/@vue/reactivity-transform/-/reactivity-transform-3.2.36.tgz"
  "version" "3.2.36"
  dependencies:
    "@babel/parser" "^7.16.4"
    "@vue/compiler-core" "3.2.36"
    "@vue/shared" "3.2.36"
    "estree-walker" "^2.0.2"
    "magic-string" "^0.25.7"

"@vue/reactivity@^3.2.31", "@vue/reactivity@3.2.36":
  "integrity" "sha512-c2qvopo0crh9A4GXi2/2kfGYMxsJW4tVILrqRPydVGZHhq0fnzy6qmclWOhBFckEhmyxmpHpdJtIRYGeKcuhnA=="
  "resolved" "https://registry.npmmirror.com/@vue/reactivity/-/reactivity-3.2.36.tgz"
  "version" "3.2.36"
  dependencies:
    "@vue/shared" "3.2.36"

"@vue/runtime-core@3.2.36":
  "integrity" "sha512-PTWBD+Lub+1U3/KhbCExrfxyS14hstLX+cBboxVHaz+kXoiDLNDEYAovPtxeTutbqtClIXtft+wcGdC+FUQ9qQ=="
  "resolved" "https://registry.npmmirror.com/@vue/runtime-core/-/runtime-core-3.2.36.tgz"
  "version" "3.2.36"
  dependencies:
    "@vue/reactivity" "3.2.36"
    "@vue/shared" "3.2.36"

"@vue/runtime-dom@3.2.36":
  "integrity" "sha512-gYPYblm7QXHVuBohqNRRT7Wez0f2Mx2D40rb4fleehrJU9CnkjG0phhcGEZFfGwCmHZRqBCRgbFWE98bPULqkg=="
  "resolved" "https://registry.npmmirror.com/@vue/runtime-dom/-/runtime-dom-3.2.36.tgz"
  "version" "3.2.36"
  dependencies:
    "@vue/runtime-core" "3.2.36"
    "@vue/shared" "3.2.36"
    "csstype" "^2.6.8"

"@vue/server-renderer@3.2.36":
  "integrity" "sha512-uZE0+jfye6yYXWvAQYeHZv+f50sRryvy16uiqzk3jn8hEY8zTjI+rzlmZSGoE915k+W/Ol9XSw6vxOUD8dGkUg=="
  "resolved" "https://registry.npmmirror.com/@vue/server-renderer/-/server-renderer-3.2.36.tgz"
  "version" "3.2.36"
  dependencies:
    "@vue/compiler-ssr" "3.2.36"
    "@vue/shared" "3.2.36"

"@vue/shared@^3.2.31", "@vue/shared@3.2.36":
  "integrity" "sha512-JtB41wXl7Au3+Nl3gD16Cfpj7k/6aCroZ6BbOiCMFCMvrOpkg/qQUXTso2XowaNqBbnkuGHurLAqkLBxNGc1hQ=="
  "resolved" "https://registry.npmmirror.com/@vue/shared/-/shared-3.2.36.tgz"
  "version" "3.2.36"

"@vue/tsconfig@^0.1.3":
  "integrity" "sha512-kQVsh8yyWPvHpb8gIc9l/HIDiiVUy1amynLNpCy8p+FoCiZXCo6fQos5/097MmnNZc9AtseDsCrfkhqCrJ8Olg=="
  "resolved" "https://registry.npmmirror.com/@vue/tsconfig/-/tsconfig-0.1.3.tgz"
  "version" "0.1.3"


"@vueuse/core@*", "@vueuse/core@^8.5.0":
  "integrity" "sha512-VEJ6sGNsPlUp0o9BGda2YISvDZbhWJSOJu5zlp2TufRGVrLcYUKr31jyFEOj6RXzG3k/H4aCYeZyjpItfU8glw=="
  "resolved" "https://registry.npmjs.org/@vueuse/core/-/core-8.5.0.tgz"
  "version" "8.5.0"
  dependencies:
    "@vueuse/metadata" "8.5.0"
    "@vueuse/shared" "8.5.0"
    "vue-demi" "*"

"@vueuse/metadata@8.5.0":
  "integrity" "sha512-WxsD+Cd+bn+HcjpY6Dl9FJ8ywTRTT9pTwk3bCQpzEhXVYAyNczKDSahk50fCfIJKeWHhyI4B2+/ZEOxQAkUr0g=="
  "resolved" "https://registry.npmjs.org/@vueuse/metadata/-/metadata-8.5.0.tgz"
  "version" "8.5.0"

"@vueuse/shared@8.5.0":
  "integrity" "sha512-qKG+SZb44VvGD4dU5cQ63z4JE2Yk39hQUecR0a9sEdJA01cx+XrxAvFKJfPooxwoiqalAVw/ktWK6xbyc/jS3g=="
  "resolved" "https://registry.npmjs.org/@vueuse/shared/-/shared-8.5.0.tgz"
  "version" "8.5.0"
  dependencies:
    "vue-demi" "*"

"anymatch@~3.1.2":
  "integrity" "sha512-P43ePfOAIupkguHUycrc4qJ9kz8ZiuOUijaETwX7THt0Y/GNK7v0aa8rY816xWjZ7rJdA5XdMcpVFTKMq+RvWg=="
  "resolved" "https://registry.npmjs.org/anymatch/-/anymatch-3.1.2.tgz"
  "version" "3.1.2"
  dependencies:
    "normalize-path" "^3.0.0"
    "picomatch" "^2.0.4"

"async-validator@^4.1.1":
  "integrity" "sha512-p4DO/JXwjs8klJyJL8Q2oM4ks5fUTze/h5k10oPPKMiLe1fj3G1QMzPHNmN1Py4ycOk7WlO2DcGXv1qiESJCZA=="
  "resolved" "https://registry.npmjs.org/async-validator/-/async-validator-4.1.1.tgz"
  "version" "4.1.1"

"asynckit@^0.4.0":
  "integrity" "sha512-Oei9OH4tRh0YqU3GxhX79dM/mwVgvbZJaSNaRk+bshkj0S5cfHcgYakreBjrHwatXKbz+IoIdYLxrKim2MjW0Q=="
  "resolved" "https://registry.npmjs.org/asynckit/-/asynckit-0.4.0.tgz"
  "version" "0.4.0"

"axios@^0.27.2":
  "integrity" "sha512-t+yRIyySRTp/wua5xEr+z1q60QmLq8ABsS5O9Me1AsE5dfKqgnCFzwiCZZ/cGNd1lq4/7akDWMxdhVlucjmnOQ=="
  "resolved" "https://registry.npmjs.org/axios/-/axios-0.27.2.tgz"
  "version" "0.27.2"
  dependencies:
    "follow-redirects" "^1.14.9"
    "form-data" "^4.0.0"

"balanced-match@^1.0.0":
  "integrity" "sha512-3oSeUO0TMV67hN1AmbXsK4yaqU7tjiHlbxRDZOpH0KW9+CeX4bRAaX0Anxt0tx2MrpRpWwQaPwIlISEJhYU5Pw=="
  "resolved" "https://registry.npmjs.org/balanced-match/-/balanced-match-1.0.2.tgz"
  "version" "1.0.2"

"binary-extensions@^2.0.0":
  "integrity" "sha512-jDctJ/IVQbZoJykoeHbhXpOlNBqGNcwXJKJog42E5HDPUwQTSdjCHdihjj0DlnheQ7blbT6dHOafNAiS8ooQKA=="
  "resolved" "https://registry.npmjs.org/binary-extensions/-/binary-extensions-2.2.0.tgz"
  "version" "2.2.0"

"brace-expansion@^2.0.1":
  "integrity" "sha512-XnAIvQ8eM+kC6aULx6wuQiwVsnzsi9d3WxzV3FpWTGA19F621kwdbsAcFKXgKUHZWsy+mY6iL1sHTxWEFCytDA=="
  "resolved" "https://registry.npmjs.org/brace-expansion/-/brace-expansion-2.0.1.tgz"
  "version" "2.0.1"
  dependencies:
    "balanced-match" "^1.0.0"

"braces@^3.0.2", "braces@~3.0.2":
  "integrity" "sha512-b8um+L1RzM3WDSzvhm6gIz1yfTbBt6YTlcEKAvsmqCZZFw46z626lVj9j1yEPW33H5H+lBQpZMP1k8l+78Ha0A=="
  "resolved" "https://registry.npmjs.org/braces/-/braces-3.0.2.tgz"
  "version" "3.0.2"
  dependencies:
    "fill-range" "^7.0.1"

"chokidar@^3.5.3":
  "integrity" "sha512-Dr3sfKRP6oTcjf2JmUmFJfeVMvXBdegxB0iVQ5eb2V10uFJUCAS8OByZdVAyVb8xXNz3GjjTgj9kLWsZTqE6kw=="
  "resolved" "https://registry.npmjs.org/chokidar/-/chokidar-3.5.3.tgz"
  "version" "3.5.3"
  dependencies:
    "anymatch" "~3.1.2"
    "braces" "~3.0.2"
    "glob-parent" "~5.1.2"
    "is-binary-path" "~2.1.0"
    "is-glob" "~4.0.1"
    "normalize-path" "~3.0.0"
    "readdirp" "~3.6.0"
  optionalDependencies:
    "fsevents" "~2.3.2"
<<<<<<< HEAD

"combined-stream@^1.0.8":
  "integrity" "sha512-FQN4MRfuJeHf7cBbBMJFXhKSDq+2kAArBlmRBvcvFE5BB1HZKXtSFASDhdlz9zOYwxh8lDdnvmMOe/+5cdoEdg=="
  "resolved" "https://registry.npmjs.org/combined-stream/-/combined-stream-1.0.8.tgz"
  "version" "1.0.8"
  dependencies:
    "delayed-stream" "~1.0.0"

"content-type@^1.0.4":
  "integrity" "sha512-hIP3EEPs8tB9AT1L+NUqtwOAps4mk2Zob89MWXMHjHWg9milF/j4osnnQLXBCBFBk/tvIG/tUc9mOUJiPBhPXA=="
  "resolved" "https://registry.npmjs.org/content-type/-/content-type-1.0.4.tgz"
  "version" "1.0.4"

=======
    
>>>>>>> 6414f1dc5b0ed4f0e22758aff9c099f06c1f626b
"csstype@^2.6.8":
  "integrity" "sha512-/WwNkdXfckNgw6S5R125rrW8ez139lBHWouiBvX8dfMFtcn6V81REDqnH7+CRpRipfYlyU1CmOnOxrmGcFOjeA=="
  "resolved" "https://registry.npmmirror.com/csstype/-/csstype-2.6.20.tgz"
  "version" "2.6.20"


"dayjs@^1.11.2":
  "integrity" "sha512-F4LXf1OeU9hrSYRPTTj/6FbO4HTjPKXvEIC1P2kcnFurViINCVk3ZV0xAS3XVx9MkMsXbbqlK6hjseaYbgKEHw=="
  "resolved" "https://registry.npmjs.org/dayjs/-/dayjs-1.11.2.tgz"
  "version" "1.11.2"

"debug@^4.3.4":
  "integrity" "sha512-PRWFHuSU3eDtQJPvnNY7Jcket1j0t5OuOsFzPPzsekD52Zl8qUfFIPEiswXqIvHWGVHOgX+7G/vCNNhehwxfkQ=="
  "resolved" "https://registry.npmjs.org/debug/-/debug-4.3.4.tgz"
  "version" "4.3.4"
  dependencies:
    "ms" "2.1.2"

"delayed-stream@~1.0.0":
  "integrity" "sha512-ZySD7Nf91aLB0RxL4KGrKHBXl7Eds1DAmEdcoVawXnLD7SDhpNgtuII2aAkg7a7QS41jxPSZ17p4VdGnMHk3MQ=="
  "resolved" "https://registry.npmjs.org/delayed-stream/-/delayed-stream-1.0.0.tgz"
  "version" "1.0.0"

"element-plus@^2.2.2":
  "integrity" "sha512-yGcj2Ayb0jZO1WbI51tHJ4efhlfWKlBqqGtWbzhq+tcpfaKzJZN+IHRouuFasqn0ZV3tWCDu1jggDR1+9y7XfQ=="
  "resolved" "https://registry.npmjs.org/element-plus/-/element-plus-2.2.2.tgz"
  "version" "2.2.2"
  dependencies:
    "@ctrl/tinycolor" "^3.4.1"
    "@element-plus/icons-vue" "^1.1.4"
    "@floating-ui/dom" "^0.5.0"
    "@popperjs/core" "npm:@sxzz/popperjs-es@^2.11.7"
    "@types/lodash" "^4.14.182"
    "@types/lodash-es" "^4.17.6"
    "@vueuse/core" "^8.5.0"
    "async-validator" "^4.1.1"
    "dayjs" "^1.11.2"
    "escape-html" "^1.0.3"
    "lodash" "^4.17.21"
    "lodash-es" "^4.17.21"
    "lodash-unified" "^1.0.2"
    "memoize-one" "^6.0.0"
    "normalize-wheel-es" "^1.1.2"

"esbuild-windows-64@0.14.39":
  "integrity" "sha512-E2wm+5FwCcLpKsBHRw28bSYQw0Ikxb7zIMxw3OPAkiaQhLVr3dnVO8DofmbWhhf6b97bWzg37iSZ45ZDpLw7Ow=="
  "resolved" "https://registry.npmmirror.com/esbuild-windows-64/-/esbuild-windows-64-0.14.39.tgz"
  "version" "0.14.39"


"esbuild@^0.14.27", "esbuild@>=0.13":

  "integrity" "sha512-2kKujuzvRWYtwvNjYDY444LQIA3TyJhJIX3Yo4+qkFlDDtGlSicWgeHVJqMUP/2sSfH10PGwfsj+O2ro1m10xQ=="
  "resolved" "https://registry.npmmirror.com/esbuild/-/esbuild-0.14.39.tgz"
  "version" "0.14.39"
  optionalDependencies:
    "esbuild-android-64" "0.14.39"
    "esbuild-android-arm64" "0.14.39"
    "esbuild-darwin-64" "0.14.39"
    "esbuild-darwin-arm64" "0.14.39"
    "esbuild-freebsd-64" "0.14.39"
    "esbuild-freebsd-arm64" "0.14.39"
    "esbuild-linux-32" "0.14.39"
    "esbuild-linux-64" "0.14.39"
    "esbuild-linux-arm" "0.14.39"
    "esbuild-linux-arm64" "0.14.39"
    "esbuild-linux-mips64le" "0.14.39"
    "esbuild-linux-ppc64le" "0.14.39"
    "esbuild-linux-riscv64" "0.14.39"
    "esbuild-linux-s390x" "0.14.39"
    "esbuild-netbsd-64" "0.14.39"
    "esbuild-openbsd-64" "0.14.39"
    "esbuild-sunos-64" "0.14.39"
    "esbuild-windows-32" "0.14.39"
    "esbuild-windows-64" "0.14.39"
    "esbuild-windows-arm64" "0.14.39"


"escape-html@^1.0.3":
  "integrity" "sha1-Aljq5NPQwJdN4cFpGI7wBR0dGYg="
  "resolved" "https://registry.npmjs.org/escape-html/-/escape-html-1.0.3.tgz"
  "version" "1.0.3"

"estree-walker@^2.0.1", "estree-walker@^2.0.2":

  "integrity" "sha512-Rfkk/Mp/DL7JVje3u18FxFujQlTNR2q6QfMSMB7AvCBx91NGj/ba3kCfza0f6dVDbw7YlRf/nDrn7pQrCCyQ/w=="
  "resolved" "https://registry.npmmirror.com/estree-walker/-/estree-walker-2.0.2.tgz"
  "version" "2.0.2"


"fast-glob@^3.2.11":
  "integrity" "sha512-xrO3+1bxSo3ZVHAnqzyuewYT6aMFHRAd4Kcs92MAonjwQZLsK9d0SF1IyQ3k5PoirxTW0Oe/RqFgMQ6TcNE5Ew=="
  "resolved" "https://registry.npmjs.org/fast-glob/-/fast-glob-3.2.11.tgz"
  "version" "3.2.11"
  dependencies:
    "@nodelib/fs.stat" "^2.0.2"
    "@nodelib/fs.walk" "^1.2.3"
    "glob-parent" "^5.1.2"
    "merge2" "^1.3.0"
    "micromatch" "^4.0.4"

"fastq@^1.6.0":
  "integrity" "sha512-YpkpUnK8od0o1hmeSc7UUs/eB/vIPWJYjKck2QKIzAf71Vm1AAQ3EbuZB3g2JIy+pg+ERD0vqI79KyZiB2e2Nw=="
  "resolved" "https://registry.npmjs.org/fastq/-/fastq-1.13.0.tgz"
  "version" "1.13.0"
  dependencies:
    "reusify" "^1.0.4"

"file-type@16.5.3":
  "integrity" "sha512-uVsl7iFhHSOY4bEONLlTK47iAHtNsFHWP5YE4xJfZ4rnX7S1Q3wce09XgqSC7E/xh8Ncv/be1lNoyprlUH/x6A=="
  "resolved" "https://registry.npmjs.org/file-type/-/file-type-16.5.3.tgz"
  "version" "16.5.3"
  dependencies:
    "readable-web-to-node-stream" "^3.0.0"
    "strtok3" "^6.2.4"
    "token-types" "^4.1.1"

"fill-range@^7.0.1":
  "integrity" "sha512-qOo9F+dMUmC2Lcb4BbVvnKJxTPjCm+RRpe4gDuGrzkL7mEVl/djYSu2OdQ2Pa302N4oqkSg9ir6jaLWJ2USVpQ=="
  "resolved" "https://registry.npmjs.org/fill-range/-/fill-range-7.0.1.tgz"
  "version" "7.0.1"
  dependencies:
    "to-regex-range" "^5.0.1"

<<<<<<< HEAD
"follow-redirects@^1.14.9":
  "integrity" "sha512-yLAMQs+k0b2m7cVxpS1VKJVvoz7SS9Td1zss3XRwXj+ZDH00RJgnuLx7E44wx02kQLrdM3aOOy+FpzS7+8OizA=="
  "resolved" "https://registry.npmjs.org/follow-redirects/-/follow-redirects-1.15.1.tgz"
  "version" "1.15.1"

"form-data@^4.0.0":
  "integrity" "sha512-ETEklSGi5t0QMZuiXoA/Q6vcnxcLQP5vdugSpuAyi6SVGi2clPPp+xgEhuMaHC+zGgn31Kd235W35f7Hykkaww=="
  "resolved" "https://registry.npmjs.org/form-data/-/form-data-4.0.0.tgz"
  "version" "4.0.0"
  dependencies:
    "asynckit" "^0.4.0"
    "combined-stream" "^1.0.8"
    "mime-types" "^2.1.12"
=======
>>>>>>> 6414f1dc5b0ed4f0e22758aff9c099f06c1f626b

"function-bind@^1.1.1":
  "integrity" "sha512-yIovAzMX49sF8Yl58fSCWJ5svSLuaibPxXQJFLmBObTuCr0Mf1KiPopGM9NiFjiYBCbfaa2Fh6breQ6ANVTI0A=="
  "resolved" "https://registry.npmmirror.com/function-bind/-/function-bind-1.1.1.tgz"
  "version" "1.1.1"


"glob-parent@^5.1.2", "glob-parent@~5.1.2":
  "integrity" "sha512-AOIgSQCepiJYwP3ARnGx+5VnTu2HBYdzbGP45eLw1vr3zB3vZLeyed1sC9hnbcOc9/SrMyM5RPQrkGz4aS9Zow=="
  "resolved" "https://registry.npmjs.org/glob-parent/-/glob-parent-5.1.2.tgz"
  "version" "5.1.2"
  dependencies:
    "is-glob" "^4.0.1"


"has@^1.0.3":
  "integrity" "sha512-f2dvO0VU6Oej7RkWJGrehjbzMAjFp5/VKPp5tTpWIV4JHHZK1/BxbFRtf/siA2SWTe09caDmVtYYzWEIbBS4zw=="
  "resolved" "https://registry.npmmirror.com/has/-/has-1.0.3.tgz"
  "version" "1.0.3"
  dependencies:
    "function-bind" "^1.1.1"

<<<<<<< HEAD
"ieee754@^1.2.1":
  "integrity" "sha512-dcyqhDvX1C46lXZcVqCpK+FtMRQVdIMN6/Df5js2zouUsqG7I6sFxitIC+7KYK29KdXOLHdu9zL4sFnoVQnqaA=="
  "resolved" "https://registry.npmjs.org/ieee754/-/ieee754-1.2.1.tgz"
  "version" "1.2.1"

"inherits@^2.0.3":
  "integrity" "sha512-k/vGaX4/Yla3WzyMCvTQOXYeIHvqOKtnqBduzTHpzpQZzAskKMhZ2K+EnBiSM9zGSoIFeMpXKxa4dYeZIQqewQ=="
  "resolved" "https://registry.npmjs.org/inherits/-/inherits-2.0.4.tgz"
  "version" "2.0.4"
=======
>>>>>>> 6414f1dc5b0ed4f0e22758aff9c099f06c1f626b

"is-binary-path@~2.1.0":
  "integrity" "sha512-ZMERYes6pDydyuGidse7OsHxtbI7WVeUEozgR/g7rd0xUimYNlvZRE/K2MgZTjWy725IfelLeVcEM97mmtRGXw=="
  "resolved" "https://registry.npmjs.org/is-binary-path/-/is-binary-path-2.1.0.tgz"
  "version" "2.1.0"
  dependencies:
    "binary-extensions" "^2.0.0"


"is-core-module@^2.8.1":
  "integrity" "sha512-+5FPy5PnwmO3lvfMb0AsoPaBG+5KHUI0wYFXOtYPnVVVspTFUuMZNfNaNVRt3FZadstu2c8x23vykRW/NBoU6A=="
  "resolved" "https://registry.npmmirror.com/is-core-module/-/is-core-module-2.9.0.tgz"
  "version" "2.9.0"
  dependencies:
    "has" "^1.0.3"


"is-extglob@^2.1.1":
  "integrity" "sha1-qIwCU1eR8C7TfHahueqXc8gz+MI="
  "resolved" "https://registry.npmjs.org/is-extglob/-/is-extglob-2.1.1.tgz"
  "version" "2.1.1"

"is-glob@^4.0.1", "is-glob@~4.0.1":
  "integrity" "sha512-xelSayHH36ZgE7ZWhli7pW34hNbNl8Ojv5KVmkJD4hBdD3th8Tfk9vYasLM+mXWOZhFkgZfxhLSnrwRr4elSSg=="
  "resolved" "https://registry.npmjs.org/is-glob/-/is-glob-4.0.3.tgz"
  "version" "4.0.3"
  dependencies:
    "is-extglob" "^2.1.1"

"is-number@^7.0.0":
  "integrity" "sha512-41Cifkg6e8TylSpdtTpeLVMqvSBEVzTttHvERD741+pnZ8ANv0004MRL43QKPDlK9cGvNp6NZWZUBlbGXYxxng=="
  "resolved" "https://registry.npmjs.org/is-number/-/is-number-7.0.0.tgz"
  "version" "7.0.0"

"local-pkg@^0.4.1":
  "integrity" "sha512-lL87ytIGP2FU5PWwNDo0w3WhIo2gopIAxPg9RxDYF7m4rr5ahuZxP22xnJHIvaLTe4Z9P6uKKY2UHiwyB4pcrw=="
  "resolved" "https://registry.npmjs.org/local-pkg/-/local-pkg-0.4.1.tgz"
  "version" "0.4.1"

"lodash-es@*", "lodash-es@^4.17.21":
  "integrity" "sha512-mKnC+QJ9pWVzv+C4/U3rRsHapFfHvQFoFB92e52xeyGMcX6/OlIl78je1u8vePzYZSkkogMPJ2yjxxsb89cxyw=="
  "resolved" "https://registry.npmjs.org/lodash-es/-/lodash-es-4.17.21.tgz"
  "version" "4.17.21"

"lodash-unified@^1.0.2":
  "integrity" "sha512-OGbEy+1P+UT26CYi4opY4gebD8cWRDxAT6MAObIVQMiqYdxZr1g3QHWCToVsm31x2NkLS4K3+MC2qInaRMa39g=="
  "resolved" "https://registry.npmjs.org/lodash-unified/-/lodash-unified-1.0.2.tgz"
  "version" "1.0.2"

"lodash@*", "lodash@^4.17.21":
  "integrity" "sha512-v2kDEe57lecTulaDIuNTPy3Ry4gLGJ6Z1O3vE1krgXZNrsQ+LFTGHVxVjcXPs17LhbZVGedAJv8XZ1tvj5FvSg=="
  "resolved" "https://registry.npmjs.org/lodash/-/lodash-4.17.21.tgz"
  "version" "4.17.21"


"magic-string@^0.25.7":
  "integrity" "sha512-RmF0AsMzgt25qzqqLc1+MbHmhdx0ojF2Fvs4XnOqz2ZOBXzzkEwc/dJQZCYHAn7v1jbVOjAZfK8msRn4BxO4VQ=="
  "resolved" "https://registry.npmmirror.com/magic-string/-/magic-string-0.25.9.tgz"
  "version" "0.25.9"
  dependencies:
    "sourcemap-codec" "^1.4.8"


"magic-string@^0.26.1":
  "integrity" "sha512-NzzlXpclt5zAbmo6h6jNc8zl2gNRGHvmsZW4IvZhTC4W7k4OlLP+S5YLussa/r3ixNT66KOQfNORlXHSOy/X4A=="
  "resolved" "https://registry.npmjs.org/magic-string/-/magic-string-0.26.2.tgz"
  "version" "0.26.2"
  dependencies:
    "sourcemap-codec" "^1.4.8"

"media-typer@^1.1.0":
  "integrity" "sha512-aisnrDP4GNe06UcKFnV5bfMNPBUw4jsLGaWwWfnH3v02GnBuXX2MCVn5RbrWo0j3pczUilYblq7fQ7Nw2t5XKw=="
  "resolved" "https://registry.npmjs.org/media-typer/-/media-typer-1.1.0.tgz"
  "version" "1.1.0"

"memoize-one@^6.0.0":
  "integrity" "sha512-rkpe71W0N0c0Xz6QD0eJETuWAJGnJ9afsl1srmwPrI+yBCkge5EycXXbYRyvL29zZVUWQCY7InPRCv3GDXuZNw=="
  "resolved" "https://registry.npmjs.org/memoize-one/-/memoize-one-6.0.0.tgz"
  "version" "6.0.0"

"merge2@^1.3.0":
  "integrity" "sha512-8q7VEgMJW4J8tcfVPy8g09NcQwZdbwFEqhe/WZkoIzjn/3TGDwtOCYtXGxA3O8tPzpczCCDgv+P2P5y00ZJOOg=="
  "resolved" "https://registry.npmjs.org/merge2/-/merge2-1.4.1.tgz"
  "version" "1.4.1"

"micromatch@^4.0.4":
  "integrity" "sha512-DMy+ERcEW2q8Z2Po+WNXuw3c5YaUSFjAO5GsJqfEl7UjvtIuFKO6ZrKvcItdy98dwFI2N1tg3zNIdKaQT+aNdA=="
  "resolved" "https://registry.npmjs.org/micromatch/-/micromatch-4.0.5.tgz"
  "version" "4.0.5"
  dependencies:
    "braces" "^3.0.2"
    "picomatch" "^2.3.1"

"mime-db@1.52.0":
  "integrity" "sha512-sPU4uV7dYlvtWJxwwxHD0PuihVNiE7TyAbQ5SWxDCB9mUYvOgroQOwYQQOKPJ8CIbE+1ETVlOoK1UC2nU3gYvg=="
  "resolved" "https://registry.npmjs.org/mime-db/-/mime-db-1.52.0.tgz"
  "version" "1.52.0"

"mime-types@^2.1.12":
  "integrity" "sha512-ZDY+bPm5zTTF+YpCrAU9nK0UgICYPT0QtT1NZWFv4s++TNkcgVaT0g6+4R2uI4MjQjzysHB1zxuWL50hzaeXiw=="
  "resolved" "https://registry.npmjs.org/mime-types/-/mime-types-2.1.35.tgz"
  "version" "2.1.35"
  dependencies:
    "mime-db" "1.52.0"

"minimatch@^5.0.1":
  "integrity" "sha512-9TPBGGak4nHfGZsPBohm9AWg6NoT7QTCehS3BIJABslyZbzxfV78QM2Y6+i741OPZIafFAaiiEMh5OyIrJPgtg=="
  "resolved" "https://registry.npmjs.org/minimatch/-/minimatch-5.1.0.tgz"
  "version" "5.1.0"
  dependencies:
    "brace-expansion" "^2.0.1"

"ms@2.1.2":
  "integrity" "sha512-sGkPx+VjMtmA6MX27oA4FBFELFCZZ4S4XqeGOXCv68tT+jb3vk/RyaKWP0PTKyWtmLSM0b+adUTEvbs1PEaH2w=="
  "resolved" "https://registry.npmjs.org/ms/-/ms-2.1.2.tgz"
  "version" "2.1.2"

<<<<<<< HEAD
"music-metadata@^7.12.3":
  "integrity" "sha512-6pZngaroNxGBf8KZjE8reGZJiS533eJq7dBFsyoiEAZIORQAxmVVx20ABh9W2tsLT+5mKYyDzcNi5GuHf3jitg=="
  "resolved" "https://registry.npmjs.org/music-metadata/-/music-metadata-7.12.3.tgz"
  "version" "7.12.3"
  dependencies:
    "@tokenizer/token" "^0.3.0"
    "content-type" "^1.0.4"
    "debug" "^4.3.4"
    "file-type" "16.5.3"
    "media-typer" "^1.1.0"
    "strtok3" "^6.3.0"
    "token-types" "^4.2.0"
=======
>>>>>>> 6414f1dc5b0ed4f0e22758aff9c099f06c1f626b

"nanoid@^3.3.4":
  "integrity" "sha512-MqBkQh/OHTS2egovRtLk45wEyNXwF+cokD+1YPf9u5VfJiRdAiRwB2froX5Co9Rh20xs4siNPm8naNotSD6RBw=="
  "resolved" "https://registry.npmmirror.com/nanoid/-/nanoid-3.3.4.tgz"
  "version" "3.3.4"


"normalize-path@^3.0.0", "normalize-path@~3.0.0":
  "integrity" "sha512-6eZs5Ls3WtCisHWp9S2GUy8dqkpGi4BVSz3GaqiE6ezub0512ESztXUwUB6C6IKbQkY2Pnb/mD4WYojCRwcwLA=="
  "resolved" "https://registry.npmjs.org/normalize-path/-/normalize-path-3.0.0.tgz"
  "version" "3.0.0"

"normalize-wheel-es@^1.1.2":
  "integrity" "sha512-scX83plWJXYH1J4+BhAuIHadROzxX0UBF3+HuZNY2Ks8BciE7tSTQ+5JhTsvzjaO0/EJdm4JBGrfObKxFf3Png=="
  "resolved" "https://registry.npmjs.org/normalize-wheel-es/-/normalize-wheel-es-1.1.2.tgz"
  "version" "1.1.2"


"path-parse@^1.0.7":
  "integrity" "sha512-LDJzPVEEEPR+y48z93A0Ed0yXb8pAByGWo/k5YYdYgpY2/2EsOsksJrq7lOHxryrVOn1ejG6oAp8ahvOIQD8sw=="
  "resolved" "https://registry.npmmirror.com/path-parse/-/path-parse-1.0.7.tgz"
  "version" "1.0.7"

"peek-readable@^4.1.0":
  "integrity" "sha512-ZI3LnwUv5nOGbQzD9c2iDG6toheuXSZP5esSHBjopsXH4dg19soufvpUGA3uohi5anFtGb2lhAVdHzH6R/Evvg=="
  "resolved" "https://registry.npmjs.org/peek-readable/-/peek-readable-4.1.0.tgz"
  "version" "4.1.0"

"picocolors@^1.0.0":
  "integrity" "sha512-1fygroTLlHu66zi26VoTDv8yRgm0Fccecssto+MhsZ0D/DGW2sm8E8AjW7NU5VVTRt5GxbeZ5qBuJr+HyLYkjQ=="
  "resolved" "https://registry.npmmirror.com/picocolors/-/picocolors-1.0.0.tgz"
  "version" "1.0.0"


"picomatch@^2.0.4", "picomatch@^2.2.1", "picomatch@^2.2.2", "picomatch@^2.3.1":
  "integrity" "sha512-JU3teHTNjmE2VCGFzuY8EXzCDVwEqB2a8fsIvwaStHhAWJEeVd1o1QD80CU6+ZdEXXSLbSsuLwJjkCBWqRQUVA=="
  "resolved" "https://registry.npmjs.org/picomatch/-/picomatch-2.3.1.tgz"
  "version" "2.3.1"


"pinia@^2.0.13":
  "integrity" "sha512-0nPuZR4TetT/WcLN+feMSjWJku3SQU7dBbXC6uw+R6FLQJCsg+/0pzXyD82T1FmAYe0lsx+jnEDQ1BLgkRKlxA=="
  "resolved" "https://registry.npmmirror.com/pinia/-/pinia-2.0.14.tgz"
  "version" "2.0.14"
  dependencies:
    "@vue/devtools-api" "^6.1.4"
    "vue-demi" "*"

"postcss@^8.1.10", "postcss@^8.4.13":
  "integrity" "sha512-E398TUmfAYFPBSdzgeieK2Y1+1cpdxJx8yXbK/m57nRhKSmk1GB2tO4lbLBtlkfPQTDKfe4Xqv1ASWPpayPEig=="
  "resolved" "https://registry.npmmirror.com/postcss/-/postcss-8.4.14.tgz"
  "version" "8.4.14"
  dependencies:
    "nanoid" "^3.3.4"
    "picocolors" "^1.0.0"
    "source-map-js" "^1.0.2"


"queue-microtask@^1.2.2":
  "integrity" "sha512-NuaNSa6flKT5JaSYQzJok04JzTL1CA6aGhv5rfLW3PgqA+M2ChpZQnAC8h8i4ZFkBS8X5RqkDBHA7r4hej3K9A=="
  "resolved" "https://registry.npmjs.org/queue-microtask/-/queue-microtask-1.2.3.tgz"
  "version" "1.2.3"

"readable-stream@^3.6.0":
  "integrity" "sha512-BViHy7LKeTz4oNnkcLJ+lVSL6vpiFeX6/d3oSH8zCW7UxP2onchk+vTGB143xuFjHS3deTgkKoXXymXqymiIdA=="
  "resolved" "https://registry.npmjs.org/readable-stream/-/readable-stream-3.6.0.tgz"
  "version" "3.6.0"
  dependencies:
    "inherits" "^2.0.3"
    "string_decoder" "^1.1.1"
    "util-deprecate" "^1.0.1"

"readable-web-to-node-stream@^3.0.0":
  "integrity" "sha512-ePeK6cc1EcKLEhJFt/AebMCLL+GgSKhuygrZ/GLaKZYEecIgIECf4UaUuaByiGtzckwR4ain9VzUh95T1exYGw=="
  "resolved" "https://registry.npmjs.org/readable-web-to-node-stream/-/readable-web-to-node-stream-3.0.2.tgz"
  "version" "3.0.2"
  dependencies:
    "readable-stream" "^3.6.0"

"readdirp@~3.6.0":
  "integrity" "sha512-hOS089on8RduqdbhvQ5Z37A0ESjsqz6qnRcffsMU3495FuTdqSm+7bhJ29JvIOsBDEEnan5DPu9t3To9VRlMzA=="
  "resolved" "https://registry.npmjs.org/readdirp/-/readdirp-3.6.0.tgz"
  "version" "3.6.0"
  dependencies:
    "picomatch" "^2.2.1"

"resolve@^1.22.0":
  "integrity" "sha512-Hhtrw0nLeSrFQ7phPp4OOcVjLPIeMnRlr5mcnVuMe7M/7eBn98A3hmFRLoFo3DLZkivSYwhRUJTyPyWAk56WLw=="
  "resolved" "https://registry.npmmirror.com/resolve/-/resolve-1.22.0.tgz"
  "version" "1.22.0"
  dependencies:
    "is-core-module" "^2.8.1"
    "path-parse" "^1.0.7"
    "supports-preserve-symlinks-flag" "^1.0.0"


"reusify@^1.0.4":
  "integrity" "sha512-U9nH88a3fc/ekCF1l0/UP1IosiuIjyTh7hBvXVMHYgVcfGvt897Xguj2UOLDeI5BG2m7/uwyaLVT6fbtCwTyzw=="
  "resolved" "https://registry.npmjs.org/reusify/-/reusify-1.0.4.tgz"
  "version" "1.0.4"

"rollup@^2.50.0", "rollup@^2.59.0":

  "integrity" "sha512-K2zW7kV8Voua5eGkbnBtWYfMIhYhT9Pel2uhBk2WO5eMee161nPze/XRfvEQPFYz7KgrCCnmh2Wy0AMFLGGmMA=="
  "resolved" "https://registry.npmmirror.com/rollup/-/rollup-2.74.1.tgz"
  "version" "2.74.1"
  optionalDependencies:
    "fsevents" "~2.3.2"


"run-parallel@^1.1.9":
  "integrity" "sha512-5l4VyZR86LZ/lDxZTR6jqL8AFE2S0IFLMP26AbjsLVADxHdhB/c0GUsH+y39UfCi3dzz8OlQuPmnaJOMoDHQBA=="
  "resolved" "https://registry.npmjs.org/run-parallel/-/run-parallel-1.2.0.tgz"
  "version" "1.2.0"
  dependencies:
    "queue-microtask" "^1.2.2"

<<<<<<< HEAD
"safe-buffer@~5.2.0":
  "integrity" "sha512-rp3So07KcdmmKbGvgaNxQSJr7bGVSVk5S9Eq1F+ppbRo70+YeaDxkw5Dd8NPN+GD6bjnYm2VuPuCXmpuYvmCXQ=="
  "resolved" "https://registry.npmjs.org/safe-buffer/-/safe-buffer-5.2.1.tgz"
  "version" "5.2.1"
=======
>>>>>>> 6414f1dc5b0ed4f0e22758aff9c099f06c1f626b

"source-map-js@^1.0.2":
  "integrity" "sha512-R0XvVJ9WusLiqTCEiGCmICCMplcCkIwwR11mOSD9CR5u+IXYdiseeEuXCVAjS54zqwkLcPNnmU4OeJ6tUrWhDw=="
  "resolved" "https://registry.npmmirror.com/source-map-js/-/source-map-js-1.0.2.tgz"
  "version" "1.0.2"

"source-map@^0.6.1":
  "integrity" "sha512-UjgapumWlbMhkBgzT7Ykc5YXUT46F0iKu8SGXq0bcwP5dz/h0Plj6enJqjz1Zbq2l5WaqYnrVbwWOWMyF3F47g=="
  "resolved" "https://registry.npmmirror.com/source-map/-/source-map-0.6.1.tgz"
  "version" "0.6.1"

"sourcemap-codec@^1.4.8":
  "integrity" "sha512-9NykojV5Uih4lgo5So5dtw+f0JgJX30KCNI8gwhz2J9A15wD0Ml6tjHKwf6fTSa6fAdVBdZeNOs9eJ71qCk8vA=="
  "resolved" "https://registry.npmmirror.com/sourcemap-codec/-/sourcemap-codec-1.4.8.tgz"
  "version" "1.4.8"

"string_decoder@^1.1.1":
  "integrity" "sha512-hkRX8U1WjJFd8LsDJ2yQ/wWWxaopEsABU1XfkM8A+j0+85JAGppt16cr1Whg6KIbb4okU6Mql6BOj+uup/wKeA=="
  "resolved" "https://registry.npmjs.org/string_decoder/-/string_decoder-1.3.0.tgz"
  "version" "1.3.0"
  dependencies:
    "safe-buffer" "~5.2.0"

"strtok3@^6.2.4", "strtok3@^6.3.0":
  "integrity" "sha512-fZtbhtvI9I48xDSywd/somNqgUHl2L2cstmXCCif0itOf96jeW18MBSyrLuNicYQVkvpOxkZtkzujiTJ9LW5Jw=="
  "resolved" "https://registry.npmjs.org/strtok3/-/strtok3-6.3.0.tgz"
  "version" "6.3.0"
  dependencies:
    "@tokenizer/token" "^0.3.0"
    "peek-readable" "^4.1.0"

"supports-preserve-symlinks-flag@^1.0.0":
  "integrity" "sha512-ot0WnXS9fgdkgIcePe6RHNk1WA8+muPa6cSjeR3V8K27q9BB1rTE3R1p7Hv0z1ZyAc8s6Vvv8DIyWf681MAt0w=="
  "resolved" "https://registry.npmmirror.com/supports-preserve-symlinks-flag/-/supports-preserve-symlinks-flag-1.0.0.tgz"
  "version" "1.0.0"


"to-regex-range@^5.0.1":
  "integrity" "sha512-65P7iz6X5yEr1cwcgvQxbbIw7Uk3gOy5dIdtZ4rDveLqhrdJP+Li/Hx6tyK0NEb+2GCyneCMJiGqrADCSNk8sQ=="
  "resolved" "https://registry.npmjs.org/to-regex-range/-/to-regex-range-5.0.1.tgz"
  "version" "5.0.1"
  dependencies:
    "is-number" "^7.0.0"

"token-types@^4.1.1", "token-types@^4.2.0":
  "integrity" "sha512-P0rrp4wUpefLncNamWIef62J0v0kQR/GfDVji9WKY7GDCWy5YbVSrKUTam07iWPZQGy0zWNOfstYTykMmPNR7w=="
  "resolved" "https://registry.npmjs.org/token-types/-/token-types-4.2.0.tgz"
  "version" "4.2.0"
  dependencies:
    "@tokenizer/token" "^0.3.0"
    "ieee754" "^1.2.1"

"typescript@*", "typescript@>=4.4.4", "typescript@~4.6.3":
  "integrity" "sha512-9ia/jWHIEbo49HfjrLGfKbZSuWo9iTMwXO+Ca3pRsSpbsMbc7/IU8NKdCZVRRBafVPGnoJeFL76ZOAA84I9fEg=="
  "resolved" "https://registry.npmmirror.com/typescript/-/typescript-4.6.4.tgz"
  "version" "4.6.4"


"unplugin-auto-import@^0.7.2":
  "integrity" "sha512-VzaYUa2VByUT70WSFlOXoovyWuwC/8ePKQUC9fhU+BRmvTC7qhCVgChH/NieWMEVgyT+HhacxM+W7xMEOmA+MA=="
  "resolved" "https://registry.npmjs.org/unplugin-auto-import/-/unplugin-auto-import-0.7.2.tgz"
  "version" "0.7.2"
  dependencies:
    "@antfu/utils" "^0.5.1"
    "@rollup/pluginutils" "^4.2.0"
    "local-pkg" "^0.4.1"
    "magic-string" "^0.26.1"
    "resolve" "^1.22.0"
    "unplugin" "^0.6.1"

"unplugin-vue-components@^0.19.5":
  "integrity" "sha512-cIC+PdQEXmG+B1gmZGk4hws2xP+00C6pg3FD6ixEgRyW+WF+QXQW/60pc+hUhtDYs1PFE+23K3NY7yvYTnDDTA=="
  "resolved" "https://registry.npmjs.org/unplugin-vue-components/-/unplugin-vue-components-0.19.5.tgz"
  "version" "0.19.5"
  dependencies:
    "@antfu/utils" "^0.5.1"
    "@rollup/pluginutils" "^4.2.1"
    "chokidar" "^3.5.3"
    "debug" "^4.3.4"
    "fast-glob" "^3.2.11"
    "local-pkg" "^0.4.1"
    "magic-string" "^0.26.1"
    "minimatch" "^5.0.1"
    "resolve" "^1.22.0"
    "unplugin" "^0.6.3"

"unplugin@^0.6.1", "unplugin@^0.6.3":
  "integrity" "sha512-CoW88FQfCW/yabVc4bLrjikN9HC8dEvMU4O7B6K2jsYMPK0l6iAnd9dpJwqGcmXJKRCU9vwSsy653qg+RK0G6A=="
  "resolved" "https://registry.npmjs.org/unplugin/-/unplugin-0.6.3.tgz"
  "version" "0.6.3"
  dependencies:
    "chokidar" "^3.5.3"
    "webpack-sources" "^3.2.3"
    "webpack-virtual-modules" "^0.4.3"

"util-deprecate@^1.0.1":
  "integrity" "sha1-RQ1Nyfpw3nMnYvvS1KKJgUGaDM8="
  "resolved" "https://registry.npmjs.org/util-deprecate/-/util-deprecate-1.0.2.tgz"
  "version" "1.0.2"

"vite@^2.3.0", "vite@^2.5.10", "vite@^2.9.5":

  "integrity" "sha512-ffaam+NgHfbEmfw/Vuh6BHKKlI/XIAhxE5QSS7gFLIngxg171mg1P3a4LSRME0z2ZU1ScxoKzphkipcYwSD5Ew=="
  "resolved" "https://registry.npmmirror.com/vite/-/vite-2.9.9.tgz"
  "version" "2.9.9"
  dependencies:
    "esbuild" "^0.14.27"
    "postcss" "^8.4.13"
    "resolve" "^1.22.0"
    "rollup" "^2.59.0"
  optionalDependencies:
    "fsevents" "~2.3.2"

"vue-demi@*":
  "integrity" "sha512-BREuTgTYlUr0zw0EZn3hnhC3I6gPWv+Kwh4MCih6QcAeaTlaIX0DwOVN0wHej7hSvDPecz4jygy/idsgKfW58Q=="
  "resolved" "https://registry.npmmirror.com/vue-demi/-/vue-demi-0.12.5.tgz"
  "version" "0.12.5"

"vue-router@^4.0.14":
  "integrity" "sha512-xa+pIN9ZqORdIW1MkN2+d9Ui2pCM1b/UMgwYUCZOiFYHAvz/slKKBDha8DLrh5aCG/RibtrpyhKjKOZ85tYyWg=="
  "resolved" "https://registry.npmmirror.com/vue-router/-/vue-router-4.0.15.tgz"
  "version" "4.0.15"
  dependencies:
    "@vue/devtools-api" "^6.0.0"

"vue-tsc@^0.34.7":
  "integrity" "sha512-9tYBQIOyl3Tz8ZrlYUKtftu5m/wXHfxCalyjR22QzSaUJoBJmZeNOoVs/QEllc0z4ideEZxvvU+pBFdoY3O16A=="
  "resolved" "https://registry.npmmirror.com/vue-tsc/-/vue-tsc-0.34.16.tgz"
  "version" "0.34.16"
  dependencies:
    "@volar/vue-typescript" "0.34.16"

"vue@^2.6.0 || ^3.2.0", "vue@^2.6.14 || ^3.2.0", "vue@^3.0.0-0 || ^2.6.0", "vue@^3.2.0", "vue@^3.2.25", "vue@^3.2.33", "vue@2 || 3", "vue@3.2.36":

  "integrity" "sha512-5yTXmrE6gW8IQgttzHW5bfBiFA6mx35ZXHjGLDmKYzW6MMmYvCwuKybANRepwkMYeXw2v1buGg3/lPICY5YlZw=="
  "resolved" "https://registry.npmmirror.com/vue/-/vue-3.2.36.tgz"
  "version" "3.2.36"
  dependencies:
    "@vue/compiler-dom" "3.2.36"
    "@vue/compiler-sfc" "3.2.36"
    "@vue/runtime-dom" "3.2.36"
    "@vue/server-renderer" "3.2.36"
    "@vue/shared" "3.2.36"

"webpack-sources@^3.2.3":
  "integrity" "sha512-/DyMEOrDgLKKIG0fmvtz+4dUX/3Ghozwgm6iPp8KRhvn+eQf9+Q7GWxVNMk3+uCPWfdXYC4ExGBckIXdFEfH1w=="
  "resolved" "https://registry.npmjs.org/webpack-sources/-/webpack-sources-3.2.3.tgz"
  "version" "3.2.3"

"webpack-virtual-modules@^0.4.3":
  "integrity" "sha512-5NUqC2JquIL2pBAAo/VfBP6KuGkHIZQXW/lNKupLPfhViwh8wNsu0BObtl09yuKZszeEUfbXz8xhrHvSG16Nqw=="
  "resolved" "https://registry.npmjs.org/webpack-virtual-modules/-/webpack-virtual-modules-0.4.3.tgz"
  "version" "0.4.3"
